// !$*UTF8*$!
{
	archiveVersion = 1;
	classes = {
	};
	objectVersion = 77;
	objects = {

/* Begin PBXBuildFile section */
		7431224D3004FC59001B0CEF /* README.md in Resources */ = {isa = PBXBuildFile; fileRef = 7431224C3004FC59001B0CEF /* README.md */; };
/* End PBXBuildFile section */

/* Begin PBXContainerItemProxy section */
		744E0FB83004D85E006E1B5D /* PBXContainerItemProxy */ = {
			isa = PBXContainerItemProxy;
			containerPortal = 744E0FA23004D85C006E1B5D /* Project object */;
			proxyType = 1;
			remoteGlobalIDString = 744E0FA93004D85C006E1B5D;
			remoteInfo = "CFR Platforms";
		};
		744E0FC23004D85E006E1B5D /* PBXContainerItemProxy */ = {
			isa = PBXContainerItemProxy;
			containerPortal = 744E0FA23004D85C006E1B5D /* Project object */;
			proxyType = 1;
			remoteGlobalIDString = 744E0FA93004D85C006E1B5D;
			remoteInfo = "CFR Platforms";
		};
/* End PBXContainerItemProxy section */

/* Begin PBXFileReference section */
		7431224C3004FC59001B0CEF /* README.md */ = {isa = PBXFileReference; lastKnownFileType = net.daringfireball.markdown; path = README.md; sourceTree = "<group>"; };
		744E0FAA3004D85C006E1B5D /* CFR Platforms.app */ = {isa = PBXFileReference; explicitFileType = wrapper.application; includeInIndex = 0; path = "CFR Platforms.app"; sourceTree = BUILT_PRODUCTS_DIR; };
		744E0FB73004D85E006E1B5D /* CFR PlatformsTests.xctest */ = {isa = PBXFileReference; explicitFileType = wrapper.cfbundle; includeInIndex = 0; path = "CFR PlatformsTests.xctest"; sourceTree = BUILT_PRODUCTS_DIR; };
		744E0FC13004D85E006E1B5D /* CFR PlatformsUITests.xctest */ = {isa = PBXFileReference; explicitFileType = wrapper.cfbundle; includeInIndex = 0; path = "CFR PlatformsUITests.xctest"; sourceTree = BUILT_PRODUCTS_DIR; };
/* End PBXFileReference section */

/* Begin PBXFileSystemSynchronizedRootGroup section */
		744E0FAC3004D85C006E1B5D /* CFR Platforms */ = {
			isa = PBXFileSystemSynchronizedRootGroup;
			path = "CFR Platforms";
			sourceTree = "<group>";
		};
		744E0FBA3004D85E006E1B5D /* CFR PlatformsTests */ = {
			isa = PBXFileSystemSynchronizedRootGroup;
			path = "CFR PlatformsTests";
			sourceTree = "<group>";
		};
		744E0FC43004D85E006E1B5D /* CFR PlatformsUITests */ = {
			isa = PBXFileSystemSynchronizedRootGroup;
			path = "CFR PlatformsUITests";
			sourceTree = "<group>";
		};
/* End PBXFileSystemSynchronizedRootGroup section */

/* Begin PBXFrameworksBuildPhase section */
		744E0FA73004D85C006E1B5D /* Frameworks */ = {
			isa = PBXFrameworksBuildPhase;
			buildActionMask = 2147483647;
			files = (
			);
			runOnlyForDeploymentPostprocessing = 0;
		};
		744E0FB43004D85E006E1B5D /* Frameworks */ = {
			isa = PBXFrameworksBuildPhase;
			buildActionMask = 2147483647;
			files = (
			);
			runOnlyForDeploymentPostprocessing = 0;
		};
		744E0FBE3004D85E006E1B5D /* Frameworks */ = {
			isa = PBXFrameworksBuildPhase;
			buildActionMask = 2147483647;
			files = (
			);
			runOnlyForDeploymentPostprocessing = 0;
		};
/* End PBXFrameworksBuildPhase section */

/* Begin PBXGroup section */
		744E0FA13004D85C006E1B5D = {
			isa = PBXGroup;
			children = (
				7431224C3004FC59001B0CEF /* README.md */,
				744E0FAC3004D85C006E1B5D /* CFR Platforms */,
				744E0FBA3004D85E006E1B5D /* CFR PlatformsTests */,
				744E0FC43004D85E006E1B5D /* CFR PlatformsUITests */,
				744E0FAB3004D85C006E1B5D /* Products */,
			);
			sourceTree = "<group>";
		};
		744E0FAB3004D85C006E1B5D /* Products */ = {
			isa = PBXGroup;
			children = (
				744E0FAA3004D85C006E1B5D /* CFR Platforms.app */,
				744E0FB73004D85E006E1B5D /* CFR PlatformsTests.xctest */,
				744E0FC13004D85E006E1B5D /* CFR PlatformsUITests.xctest */,
			);
			name = Products;
			sourceTree = "<group>";
		};
/* End PBXGroup section */

/* Begin PBXNativeTarget section */
		744E0FA93004D85C006E1B5D /* CFR Platforms */ = {
			isa = PBXNativeTarget;
			buildConfigurationList = 744E0FCB3004D85E006E1B5D /* Build configuration list for PBXNativeTarget "CFR Platforms" */;
			buildPhases = (
				744E0FA63004D85C006E1B5D /* Sources */,
				744E0FA73004D85C006E1B5D /* Frameworks */,
				744E0FA83004D85C006E1B5D /* Resources */,
			);
			buildRules = (
			);
			dependencies = (
			);
			fileSystemSynchronizedGroups = (
				744E0FAC3004D85C006E1B5D /* CFR Platforms */,
			);
			name = "CFR Platforms";
			packageProductDependencies = (
			);
			productName = "CFR Platforms";
			productReference = 744E0FAA3004D85C006E1B5D /* CFR Platforms.app */;
			productType = "com.apple.product-type.application";
		};
		744E0FB63004D85E006E1B5D /* CFR PlatformsTests */ = {
			isa = PBXNativeTarget;
			buildConfigurationList = 744E0FCE3004D85E006E1B5D /* Build configuration list for PBXNativeTarget "CFR PlatformsTests" */;
			buildPhases = (
				744E0FB33004D85E006E1B5D /* Sources */,
				744E0FB43004D85E006E1B5D /* Frameworks */,
				744E0FB53004D85E006E1B5D /* Resources */,
			);
			buildRules = (
			);
			dependencies = (
				744E0FB93004D85E006E1B5D /* PBXTargetDependency */,
			);
			fileSystemSynchronizedGroups = (
				744E0FBA3004D85E006E1B5D /* CFR PlatformsTests */,
			);
			name = "CFR PlatformsTests";
			packageProductDependencies = (
			);
			productName = "CFR PlatformsTests";
			productReference = 744E0FB73004D85E006E1B5D /* CFR PlatformsTests.xctest */;
			productType = "com.apple.product-type.bundle.unit-test";
		};
		744E0FC03004D85E006E1B5D /* CFR PlatformsUITests */ = {
			isa = PBXNativeTarget;
			buildConfigurationList = 744E0FD13004D85E006E1B5D /* Build configuration list for PBXNativeTarget "CFR PlatformsUITests" */;
			buildPhases = (
				744E0FBD3004D85E006E1B5D /* Sources */,
				744E0FBE3004D85E006E1B5D /* Frameworks */,
				744E0FBF3004D85E006E1B5D /* Resources */,
			);
			buildRules = (
			);
			dependencies = (
				744E0FC33004D85E006E1B5D /* PBXTargetDependency */,
			);
			fileSystemSynchronizedGroups = (
				744E0FC43004D85E006E1B5D /* CFR PlatformsUITests */,
			);
			name = "CFR PlatformsUITests";
			packageProductDependencies = (
			);
			productName = "CFR PlatformsUITests";
			productReference = 744E0FC13004D85E006E1B5D /* CFR PlatformsUITests.xctest */;
			productType = "com.apple.product-type.bundle.ui-testing";
		};
/* End PBXNativeTarget section */

/* Begin PBXProject section */
		744E0FA23004D85C006E1B5D /* Project object */ = {
			isa = PBXProject;
			attributes = {
				BuildIndependentTargetsInParallel = 1;
				LastSwiftUpdateCheck = 2660;
				LastUpgradeCheck = 2660;
				TargetAttributes = {
					744E0FA93004D85C006E1B5D = {
						CreatedOnToolsVersion = 26.6;
					};
					744E0FB63004D85E006E1B5D = {
						CreatedOnToolsVersion = 26.6;
						TestTargetID = 744E0FA93004D85C006E1B5D;
					};
					744E0FC03004D85E006E1B5D = {
						CreatedOnToolsVersion = 26.6;
						TestTargetID = 744E0FA93004D85C006E1B5D;
					};
				};
			};
			buildConfigurationList = 744E0FA53004D85C006E1B5D /* Build configuration list for PBXProject "CFR Platforms" */;
			developmentRegion = en;
			hasScannedForEncodings = 0;
			knownRegions = (
				en,
				Base,
			);
			mainGroup = 744E0FA13004D85C006E1B5D;
			minimizedProjectReferenceProxies = 1;
			preferredProjectObjectVersion = 77;
			productRefGroup = 744E0FAB3004D85C006E1B5D /* Products */;
			projectDirPath = "";
			projectRoot = "";
			targets = (
				744E0FA93004D85C006E1B5D /* CFR Platforms */,
				744E0FB63004D85E006E1B5D /* CFR PlatformsTests */,
				744E0FC03004D85E006E1B5D /* CFR PlatformsUITests */,
			);
		};
/* End PBXProject section */

/* Begin PBXResourcesBuildPhase section */
		744E0FA83004D85C006E1B5D /* Resources */ = {
			isa = PBXResourcesBuildPhase;
			buildActionMask = 2147483647;
			files = (
				7431224D3004FC59001B0CEF /* README.md in Resources */,
			);
			runOnlyForDeploymentPostprocessing = 0;
		};
		744E0FB53004D85E006E1B5D /* Resources */ = {
			isa = PBXResourcesBuildPhase;
			buildActionMask = 2147483647;
			files = (
			);
			runOnlyForDeploymentPostprocessing = 0;
		};
		744E0FBF3004D85E006E1B5D /* Resources */ = {
			isa = PBXResourcesBuildPhase;
			buildActionMask = 2147483647;
			files = (
			);
			runOnlyForDeploymentPostprocessing = 0;
		};
/* End PBXResourcesBuildPhase section */

/* Begin PBXSourcesBuildPhase section */
		744E0FA63004D85C006E1B5D /* Sources */ = {
			isa = PBXSourcesBuildPhase;
			buildActionMask = 2147483647;
			files = (
			);
			runOnlyForDeploymentPostprocessing = 0;
		};
		744E0FB33004D85E006E1B5D /* Sources */ = {
			isa = PBXSourcesBuildPhase;
			buildActionMask = 2147483647;
			files = (
			);
			runOnlyForDeploymentPostprocessing = 0;
		};
		744E0FBD3004D85E006E1B5D /* Sources */ = {
			isa = PBXSourcesBuildPhase;
			buildActionMask = 2147483647;
			files = (
			);
			runOnlyForDeploymentPostprocessing = 0;
		};
/* End PBXSourcesBuildPhase section */

/* Begin PBXTargetDependency section */
		744E0FB93004D85E006E1B5D /* PBXTargetDependency */ = {
			isa = PBXTargetDependency;
			target = 744E0FA93004D85C006E1B5D /* CFR Platforms */;
			targetProxy = 744E0FB83004D85E006E1B5D /* PBXContainerItemProxy */;
		};
		744E0FC33004D85E006E1B5D /* PBXTargetDependency */ = {
			isa = PBXTargetDependency;
			target = 744E0FA93004D85C006E1B5D /* CFR Platforms */;
			targetProxy = 744E0FC23004D85E006E1B5D /* PBXContainerItemProxy */;
		};
/* End PBXTargetDependency section */

/* Begin XCBuildConfiguration section */
		744E0FC93004D85E006E1B5D /* Debug */ = {
			isa = XCBuildConfiguration;
			buildSettings = {
				ALWAYS_SEARCH_USER_PATHS = NO;
				ASSETCATALOG_COMPILER_GENERATE_SWIFT_ASSET_SYMBOL_EXTENSIONS = YES;
				CLANG_ANALYZER_NONNULL = YES;
				CLANG_ANALYZER_NUMBER_OBJECT_CONVERSION = YES_AGGRESSIVE;
				CLANG_CXX_LANGUAGE_STANDARD = "gnu++20";
				CLANG_ENABLE_MODULES = YES;
				CLANG_ENABLE_OBJC_ARC = YES;
				CLANG_ENABLE_OBJC_WEAK = YES;
				CLANG_WARN_BLOCK_CAPTURE_AUTORELEASING = YES;
				CLANG_WARN_BOOL_CONVERSION = YES;
				CLANG_WARN_COMMA = YES;
				CLANG_WARN_CONSTANT_CONVERSION = YES;
				CLANG_WARN_DEPRECATED_OBJC_IMPLEMENTATIONS = YES;
				CLANG_WARN_DIRECT_OBJC_ISA_USAGE = YES_ERROR;
				CLANG_WARN_DOCUMENTATION_COMMENTS = YES;
				CLANG_WARN_EMPTY_BODY = YES;
				CLANG_WARN_ENUM_CONVERSION = YES;
				CLANG_WARN_INFINITE_RECURSION = YES;
				CLANG_WARN_INT_CONVERSION = YES;
				CLANG_WARN_NON_LITERAL_NULL_CONVERSION = YES;
				CLANG_WARN_OBJC_IMPLICIT_RETAIN_SELF = YES;
				CLANG_WARN_OBJC_LITERAL_CONVERSION = YES;
				CLANG_WARN_OBJC_ROOT_CLASS = YES_ERROR;
				CLANG_WARN_QUOTED_INCLUDE_IN_FRAMEWORK_HEADER = YES;
				CLANG_WARN_RANGE_LOOP_ANALYSIS = YES;
				CLANG_WARN_STRICT_PROTOTYPES = YES;
				CLANG_WARN_SUSPICIOUS_MOVE = YES;
				CLANG_WARN_UNGUARDED_AVAILABILITY = YES_AGGRESSIVE;
				CLANG_WARN_UNREACHABLE_CODE = YES;
				CLANG_WARN__DUPLICATE_METHOD_MATCH = YES;
				COPY_PHASE_STRIP = NO;
				DEBUG_INFORMATION_FORMAT = dwarf;
				ENABLE_STRICT_OBJC_MSGSEND = YES;
				ENABLE_TESTABILITY = YES;
				ENABLE_USER_SCRIPT_SANDBOXING = YES;
				GCC_C_LANGUAGE_STANDARD = gnu17;
				GCC_DYNAMIC_NO_PIC = NO;
				GCC_NO_COMMON_BLOCKS = YES;
				GCC_OPTIMIZATION_LEVEL = 0;
				GCC_PREPROCESSOR_DEFINITIONS = (
					"DEBUG=1",
					"$(inherited)",
				);
				GCC_WARN_64_TO_32_BIT_CONVERSION = YES;
				GCC_WARN_ABOUT_RETURN_TYPE = YES_ERROR;
				GCC_WARN_UNDECLARED_SELECTOR = YES;
				GCC_WARN_UNINITIALIZED_AUTOS = YES_AGGRESSIVE;
				GCC_WARN_UNUSED_FUNCTION = YES;
				GCC_WARN_UNUSED_VARIABLE = YES;
				IPHONEOS_DEPLOYMENT_TARGET = 26.5;
				LOCALIZATION_PREFERS_STRING_CATALOGS = YES;
				MTL_ENABLE_DEBUG_INFO = INCLUDE_SOURCE;
				MTL_FAST_MATH = YES;
				ONLY_ACTIVE_ARCH = YES;
				SDKROOT = iphoneos;
				SWIFT_ACTIVE_COMPILATION_CONDITIONS = "DEBUG $(inherited)";
				SWIFT_OPTIMIZATION_LEVEL = "-Onone";
			};
			name = Debug;
		};
		744E0FCA3004D85E006E1B5D /* Release */ = {
			isa = XCBuildConfiguration;
			buildSettings = {
				ALWAYS_SEARCH_USER_PATHS = NO;
				ASSETCATALOG_COMPILER_GENERATE_SWIFT_ASSET_SYMBOL_EXTENSIONS = YES;
				CLANG_ANALYZER_NONNULL = YES;
				CLANG_ANALYZER_NUMBER_OBJECT_CONVERSION = YES_AGGRESSIVE;
				CLANG_CXX_LANGUAGE_STANDARD = "gnu++20";
				CLANG_ENABLE_MODULES = YES;
				CLANG_ENABLE_OBJC_ARC = YES;
				CLANG_ENABLE_OBJC_WEAK = YES;
				CLANG_WARN_BLOCK_CAPTURE_AUTORELEASING = YES;
				CLANG_WARN_BOOL_CONVERSION = YES;
				CLANG_WARN_COMMA = YES;
				CLANG_WARN_CONSTANT_CONVERSION = YES;
				CLANG_WARN_DEPRECATED_OBJC_IMPLEMENTATIONS = YES;
				CLANG_WARN_DIRECT_OBJC_ISA_USAGE = YES_ERROR;
				CLANG_WARN_DOCUMENTATION_COMMENTS = YES;
				CLANG_WARN_EMPTY_BODY = YES;
				CLANG_WARN_ENUM_CONVERSION = YES;
				CLANG_WARN_INFINITE_RECURSION = YES;
				CLANG_WARN_INT_CONVERSION = YES;
				CLANG_WARN_NON_LITERAL_NULL_CONVERSION = YES;
				CLANG_WARN_OBJC_IMPLICIT_RETAIN_SELF = YES;
				CLANG_WARN_OBJC_LITERAL_CONVERSION = YES;
				CLANG_WARN_OBJC_ROOT_CLASS = YES_ERROR;
				CLANG_WARN_QUOTED_INCLUDE_IN_FRAMEWORK_HEADER = YES;
				CLANG_WARN_RANGE_LOOP_ANALYSIS = YES;
				CLANG_WARN_STRICT_PROTOTYPES = YES;
				CLANG_WARN_SUSPICIOUS_MOVE = YES;
				CLANG_WARN_UNGUARDED_AVAILABILITY = YES_AGGRESSIVE;
				CLANG_WARN_UNREACHABLE_CODE = YES;
				CLANG_WARN__DUPLICATE_METHOD_MATCH = YES;
				COPY_PHASE_STRIP = NO;
				DEBUG_INFORMATION_FORMAT = "dwarf-with-dsym";
				ENABLE_NS_ASSERTIONS = NO;
				ENABLE_STRICT_OBJC_MSGSEND = YES;
				ENABLE_USER_SCRIPT_SANDBOXING = YES;
				GCC_C_LANGUAGE_STANDARD = gnu17;
				GCC_NO_COMMON_BLOCKS = YES;
				GCC_WARN_64_TO_32_BIT_CONVERSION = YES;
				GCC_WARN_ABOUT_RETURN_TYPE = YES_ERROR;
				GCC_WARN_UNDECLARED_SELECTOR = YES;
				GCC_WARN_UNINITIALIZED_AUTOS = YES_AGGRESSIVE;
				GCC_WARN_UNUSED_FUNCTION = YES;
				GCC_WARN_UNUSED_VARIABLE = YES;
				IPHONEOS_DEPLOYMENT_TARGET = 26.5;
				LOCALIZATION_PREFERS_STRING_CATALOGS = YES;
				MTL_ENABLE_DEBUG_INFO = NO;
				MTL_FAST_MATH = YES;
				SDKROOT = iphoneos;
				SWIFT_COMPILATION_MODE = wholemodule;
				VALIDATE_PRODUCT = YES;
			};
			name = Release;
		};
		744E0FCC3004D85E006E1B5D /* Debug */ = {
			isa = XCBuildConfiguration;
			buildSettings = {
				ASSETCATALOG_COMPILER_APPICON_NAME = AppIcon;
				ASSETCATALOG_COMPILER_GLOBAL_ACCENT_COLOR_NAME = AccentColor;
				CODE_SIGN_STYLE = Automatic;
				CURRENT_PROJECT_VERSION = 1;
				DEVELOPMENT_TEAM = FJTMQGHAQ4;
				ENABLE_PREVIEWS = YES;
				GENERATE_INFOPLIST_FILE = YES;
				INFOPLIST_KEY_CFBundleDisplayName = "CFR Arrivals/Departures";
				INFOPLIST_KEY_LSApplicationCategoryType = "public.app-category.travel";
				INFOPLIST_KEY_UIApplicationSceneManifest_Generation = YES;
				INFOPLIST_KEY_UIApplicationSupportsIndirectInputEvents = YES;
				INFOPLIST_KEY_UILaunchScreen_Generation = YES;
				INFOPLIST_KEY_UIStatusBarStyle = "";
				INFOPLIST_KEY_UISupportedInterfaceOrientations = UIInterfaceOrientationPortrait;
				INFOPLIST_KEY_UISupportedInterfaceOrientations_iPad = "UIInterfaceOrientationLandscapeLeft UIInterfaceOrientationLandscapeRight UIInterfaceOrientationPortrait UIInterfaceOrientationPortraitUpsideDown";
				LD_RUNPATH_SEARCH_PATHS = (
					"$(inherited)",
					"@executable_path/Frameworks",
				);
				MARKETING_VERSION = 1.0;
				PRODUCT_BUNDLE_IDENTIFIER = "marctg.CFR-Platforms";
				PRODUCT_NAME = "$(TARGET_NAME)";
				STRING_CATALOG_GENERATE_SYMBOLS = YES;
				SWIFT_APPROACHABLE_CONCURRENCY = YES;
				SWIFT_DEFAULT_ACTOR_ISOLATION = MainActor;
				SWIFT_EMIT_LOC_STRINGS = YES;
				SWIFT_UPCOMING_FEATURE_MEMBER_IMPORT_VISIBILITY = YES;
				SWIFT_VERSION = 5.0;
				TARGETED_DEVICE_FAMILY = "1,2";
			};
			name = Debug;
		};
		744E0FCD3004D85E006E1B5D /* Release */ = {
			isa = XCBuildConfiguration;
			buildSettings = {
				ASSETCATALOG_COMPILER_APPICON_NAME = AppIcon;
				ASSETCATALOG_COMPILER_GLOBAL_ACCENT_COLOR_NAME = AccentColor;
				CODE_SIGN_STYLE = Automatic;
				CURRENT_PROJECT_VERSION = 1;
				DEVELOPMENT_TEAM = FJTMQGHAQ4;
				ENABLE_PREVIEWS = YES;
				GENERATE_INFOPLIST_FILE = YES;
				INFOPLIST_KEY_CFBundleDisplayName = "CFR Arrivals/Departures";
				INFOPLIST_KEY_LSApplicationCategoryType = "public.app-category.travel";
				INFOPLIST_KEY_UIApplicationSceneManifest_Generation = YES;
				INFOPLIST_KEY_UIApplicationSupportsIndirectInputEvents = YES;
				INFOPLIST_KEY_UILaunchScreen_Generation = YES;
				INFOPLIST_KEY_UIStatusBarStyle = "";
				INFOPLIST_KEY_UISupportedInterfaceOrientations = UIInterfaceOrientationPortrait;
				INFOPLIST_KEY_UISupportedInterfaceOrientations_iPad = "UIInterfaceOrientationLandscapeLeft UIInterfaceOrientationLandscapeRight UIInterfaceOrientationPortrait UIInterfaceOrientationPortraitUpsideDown";
				LD_RUNPATH_SEARCH_PATHS = (
					"$(inherited)",
					"@executable_path/Frameworks",
				);
				MARKETING_VERSION = 1.0;
				PRODUCT_BUNDLE_IDENTIFIER = "marctg.CFR-Platforms";
				PRODUCT_NAME = "$(TARGET_NAME)";
				STRING_CATALOG_GENERATE_SYMBOLS = YES;
				SWIFT_APPROACHABLE_CONCURRENCY = YES;
				SWIFT_DEFAULT_ACTOR_ISOLATION = MainActor;
				SWIFT_EMIT_LOC_STRINGS = YES;
				SWIFT_UPCOMING_FEATURE_MEMBER_IMPORT_VISIBILITY = YES;
				SWIFT_VERSION = 5.0;
				TARGETED_DEVICE_FAMILY = "1,2";
			};
			name = Release;
		};
		744E0FCF3004D85E006E1B5D /* Debug */ = {
			isa = XCBuildConfiguration;
			buildSettings = {
				BUNDLE_LOADER = "$(TEST_HOST)";
				CODE_SIGN_STYLE = Automatic;
				CURRENT_PROJECT_VERSION = 1;
				GENERATE_INFOPLIST_FILE = YES;
				IPHONEOS_DEPLOYMENT_TARGET = 26.5;
				MARKETING_VERSION = 1.0;
				PRODUCT_BUNDLE_IDENTIFIER = "marctg.CFR-PlatformsTests";
				PRODUCT_NAME = "$(TARGET_NAME)";
				STRING_CATALOG_GENERATE_SYMBOLS = NO;
				SWIFT_APPROACHABLE_CONCURRENCY = YES;
				SWIFT_EMIT_LOC_STRINGS = NO;
				SWIFT_UPCOMING_FEATURE_MEMBER_IMPORT_VISIBILITY = YES;
				SWIFT_VERSION = 5.0;
				TARGETED_DEVICE_FAMILY = "1,2";
				TEST_HOST = "$(BUILT_PRODUCTS_DIR)/CFR Platforms.app/$(BUNDLE_EXECUTABLE_FOLDER_PATH)/CFR Platforms";
			};
			name = Debug;
		};
		744E0FD03004D85E006E1B5D /* Release */ = {
			isa = XCBuildConfiguration;
			buildSettings = {
				BUNDLE_LOADER = "$(TEST_HOST)";
				CODE_SIGN_STYLE = Automatic;
				CURRENT_PROJECT_VERSION = 1;
				GENERATE_INFOPLIST_FILE = YES;
				IPHONEOS_DEPLOYMENT_TARGET = 26.5;
				MARKETING_VERSION = 1.0;
				PRODUCT_BUNDLE_IDENTIFIER = "marctg.CFR-PlatformsTests";
				PRODUCT_NAME = "$(TARGET_NAME)";
				STRING_CATALOG_GENERATE_SYMBOLS = NO;
				SWIFT_APPROACHABLE_CONCURRENCY = YES;
				SWIFT_EMIT_LOC_STRINGS = NO;
				SWIFT_UPCOMING_FEATURE_MEMBER_IMPORT_VISIBILITY = YES;
				SWIFT_VERSION = 5.0;
				TARGETED_DEVICE_FAMILY = "1,2";
				TEST_HOST = "$(BUILT_PRODUCTS_DIR)/CFR Platforms.app/$(BUNDLE_EXECUTABLE_FOLDER_PATH)/CFR Platforms";
			};
			name = Release;
		};
		744E0FD23004D85E006E1B5D /* Debug */ = {
			isa = XCBuildConfiguration;
			buildSettings = {
				CODE_SIGN_STYLE = Automatic;
				CURRENT_PROJECT_VERSION = 1;
				GENERATE_INFOPLIST_FILE = YES;
				MARKETING_VERSION = 1.0;
				PRODUCT_BUNDLE_IDENTIFIER = "marctg.CFR-PlatformsUITests";
				PRODUCT_NAME = "$(TARGET_NAME)";
				STRING_CATALOG_GENERATE_SYMBOLS = NO;
				SWIFT_APPROACHABLE_CONCURRENCY = YES;
				SWIFT_EMIT_LOC_STRINGS = NO;
				SWIFT_UPCOMING_FEATURE_MEMBER_IMPORT_VISIBILITY = YES;
				SWIFT_VERSION = 5.0;
				TARGETED_DEVICE_FAMILY = "1,2";
				TEST_TARGET_NAME = "CFR Platforms";
			};
			name = Debug;
		};
		744E0FD33004D85E006E1B5D /* Release */ = {
			isa = XCBuildConfiguration;
			buildSettings = {
				CODE_SIGN_STYLE = Automatic;
				CURRENT_PROJECT_VERSION = 1;
				GENERATE_INFOPLIST_FILE = YES;
				MARKETING_VERSION = 1.0;
				PRODUCT_BUNDLE_IDENTIFIER = "marctg.CFR-PlatformsUITests";
				PRODUCT_NAME = "$(TARGET_NAME)";
				STRING_CATALOG_GENERATE_SYMBOLS = NO;
				SWIFT_APPROACHABLE_CONCURRENCY = YES;
				SWIFT_EMIT_LOC_STRINGS = NO;
				SWIFT_UPCOMING_FEATURE_MEMBER_IMPORT_VISIBILITY = YES;
				SWIFT_VERSION = 5.0;
				TARGETED_DEVICE_FAMILY = "1,2";
				TEST_TARGET_NAME = "CFR Platforms";
			};
			name = Release;
		};
/* End XCBuildConfiguration section */

/* Begin XCConfigurationList section */
		744E0FA53004D85C006E1B5D /* Build configuration list for PBXProject "CFR Platforms" */ = {
			isa = XCConfigurationList;
			buildConfigurations = (
				744E0FC93004D85E006E1B5D /* Debug */,
				744E0FCA3004D85E006E1B5D /* Release */,
			);
			defaultConfigurationIsVisible = 0;
			defaultConfigurationName = Release;
		};
		744E0FCB3004D85E006E1B5D /* Build configuration list for PBXNativeTarget "CFR Platforms" */ = {
			isa = XCConfigurationList;
			buildConfigurations = (
				744E0FCC3004D85E006E1B5D /* Debug */,
				744E0FCD3004D85E006E1B5D /* Release */,
			);
			defaultConfigurationIsVisible = 0;
			defaultConfigurationName = Release;
		};
		744E0FCE3004D85E006E1B5D /* Build configuration list for PBXNativeTarget "CFR PlatformsTests" */ = {
			isa = XCConfigurationList;
			buildConfigurations = (
				744E0FCF3004D85E006E1B5D /* Debug */,
				744E0FD03004D85E006E1B5D /* Release */,
			);
			defaultConfigurationIsVisible = 0;
			defaultConfigurationName = Release;
		};
		744E0FD13004D85E006E1B5D /* Build configuration list for PBXNativeTarget "CFR PlatformsUITests" */ = {
			isa = XCConfigurationList;
			buildConfigurations = (
				744E0FD23004D85E006E1B5D /* Debug */,
				744E0FD33004D85E006E1B5D /* Release */,
			);
			defaultConfigurationIsVisible = 0;
			defaultConfigurationName = Release;
		};
/* End XCConfigurationList section */
	};
	rootObject = 744E0FA23004D85C006E1B5D /* Project object */;
}
